
Microsoft Visual Studio Solution File, Format Version 12.00
# Visual Studio Version 17
VisualStudioVersion = 17.7.34024.191
MinimumVisualStudioVersion = 10.0.40219.1
Project("{FAE04EC0-301F-11D3-BF4B-00C04F79EFBC}") = "NatoPassGen", "NatoPassGen.csproj", "{31870D58-0F07-4CA9-99CF-F6E33EF4C5F8}"
EndProject
Global
	GlobalSection(SolutionConfigurationPlatforms) = preSolution
		Debug|Any CPU = Debug|Any CPU
		Release|Any CPU = Release|Any CPU
	EndGlobalSection
	GlobalSection(ProjectConfigurationPlatforms) = postSolution
		{31870D58-0F07-4CA9-99CF-F6E33EF4C5F8}.Debug|Any CPU.ActiveCfg = Debug|Any CPU
		{31870D58-0F07-4CA9-99CF-F6E33EF4C5F8}.Debug|Any CPU.Build.0 = Debug|Any CPU
		{31870D58-0F07-4CA9-99CF-F6E33EF4C5F8}.Release|Any CPU.ActiveCfg = Release|Any CPU
		{31870D58-0F07-4CA9-99CF-F6E33EF4C5F8}.Release|Any CPU.Build.0 = Release|Any CPU
	EndGlobalSection
	GlobalSection(SolutionProperties) = preSolution
		HideSolutionNode = FALSE
	EndGlobalSection
	GlobalSection(ExtensibilityGlobals) = postSolution
		SolutionGuid = {59189955-8D2C-4BEB-931E-80A5918A3B21}
	EndGlobalSection
EndGlobal
