
Microsoft Visual Studio Solution File, Format Version 12.00
# Visual Studio Version 17
VisualStudioVersion = 17.8.34511.84
MinimumVisualStudioVersion = 10.0.40219.1
Project("{FAE04EC0-301F-11D3-BF4B-00C04F79EFBC}") = "CaesarCipher", "CaesarCipher.csproj", "{06C6C7CB-DE6B-4826-8B36-9AE6C021E57A}"
EndProject
Global
	GlobalSection(SolutionConfigurationPlatforms) = preSolution
		Debug|Any CPU = Debug|Any CPU
		Release|Any CPU = Release|Any CPU
	EndGlobalSection
	GlobalSection(ProjectConfigurationPlatforms) = postSolution
		{06C6C7CB-DE6B-4826-8B36-9AE6C021E57A}.Debug|Any CPU.ActiveCfg = Debug|Any CPU
		{06C6C7CB-DE6B-4826-8B36-9AE6C021E57A}.Debug|Any CPU.Build.0 = Debug|Any CPU
		{06C6C7CB-DE6B-4826-8B36-9AE6C021E57A}.Release|Any CPU.ActiveCfg = Release|Any CPU
		{06C6C7CB-DE6B-4826-8B36-9AE6C021E57A}.Release|Any CPU.Build.0 = Release|Any CPU
	EndGlobalSection
	GlobalSection(SolutionProperties) = preSolution
		HideSolutionNode = FALSE
	EndGlobalSection
	GlobalSection(ExtensibilityGlobals) = postSolution
		SolutionGuid = {54311C45-0C33-404C-86E4-D44FE071A49D}
	EndGlobalSection
EndGlobal
