
Microsoft Visual Studio Solution File, Format Version 12.00
# Visual Studio Version 17
VisualStudioVersion = 17.7.34024.191
MinimumVisualStudioVersion = 10.0.40219.1
Project("{FAE04EC0-301F-11D3-BF4B-00C04F79EFBC}") = "CreateArray", "CreateArray.csproj", "{4AD32302-D40A-4E85-BCD0-A7DF3E383BBA}"
EndProject
Global
	GlobalSection(SolutionConfigurationPlatforms) = preSolution
		Debug|Any CPU = Debug|Any CPU
		Release|Any CPU = Release|Any CPU
	EndGlobalSection
	GlobalSection(ProjectConfigurationPlatforms) = postSolution
		{4AD32302-D40A-4E85-BCD0-A7DF3E383BBA}.Debug|Any CPU.ActiveCfg = Debug|Any CPU
		{4AD32302-D40A-4E85-BCD0-A7DF3E383BBA}.Debug|Any CPU.Build.0 = Debug|Any CPU
		{4AD32302-D40A-4E85-BCD0-A7DF3E383BBA}.Release|Any CPU.ActiveCfg = Release|Any CPU
		{4AD32302-D40A-4E85-BCD0-A7DF3E383BBA}.Release|Any CPU.Build.0 = Release|Any CPU
	EndGlobalSection
	GlobalSection(SolutionProperties) = preSolution
		HideSolutionNode = FALSE
	EndGlobalSection
	GlobalSection(ExtensibilityGlobals) = postSolution
		SolutionGuid = {94C40870-B1A6-4B8D-A5FC-F9B68D976824}
	EndGlobalSection
EndGlobal
