
Microsoft Visual Studio Solution File, Format Version 12.00
# Visual Studio Version 17
VisualStudioVersion = 17.8.34511.84
MinimumVisualStudioVersion = 10.0.40219.1
Project("{FAE04EC0-301F-11D3-BF4B-00C04F79EFBC}") = "Factorials", "Factorials.csproj", "{1F65627E-F96D-4FA1-9ECA-23C88B85C24A}"
EndProject
Global
	GlobalSection(SolutionConfigurationPlatforms) = preSolution
		Debug|Any CPU = Debug|Any CPU
		Release|Any CPU = Release|Any CPU
	EndGlobalSection
	GlobalSection(ProjectConfigurationPlatforms) = postSolution
		{1F65627E-F96D-4FA1-9ECA-23C88B85C24A}.Debug|Any CPU.ActiveCfg = Debug|Any CPU
		{1F65627E-F96D-4FA1-9ECA-23C88B85C24A}.Debug|Any CPU.Build.0 = Debug|Any CPU
		{1F65627E-F96D-4FA1-9ECA-23C88B85C24A}.Release|Any CPU.ActiveCfg = Release|Any CPU
		{1F65627E-F96D-4FA1-9ECA-23C88B85C24A}.Release|Any CPU.Build.0 = Release|Any CPU
	EndGlobalSection
	GlobalSection(SolutionProperties) = preSolution
		HideSolutionNode = FALSE
	EndGlobalSection
	GlobalSection(ExtensibilityGlobals) = postSolution
		SolutionGuid = {780D2F1D-AC3A-48CA-A007-767690998414}
	EndGlobalSection
EndGlobal
